// !$*UTF8*$!
{
	archiveVersion = 1;
	classes = {
	};
	objectVersion = 50;
	objects = {

/* Begin PBXBuildFile section */
		8D251C0A243C5CFD002E563F /* DataModel.xcdatamodeld in Sources */ = {isa = PBXBuildFile; fileRef = 8D251C08243C5CFD002E563F /* DataModel.xcdatamodeld */; };
		8DA1B6D1243DAA1800B1903B /* Ext + navBar.swift in Sources */ = {isa = PBXBuildFile; fileRef = 8DA1B6D0243DAA1800B1903B /* Ext + navBar.swift */; };
		8DDF98E5243CDB3E00ECCC2F /* CathegoryViewController.swift in Sources */ = {isa = PBXBuildFile; fileRef = 8DDF98E4243CDB3E00ECCC2F /* CathegoryViewController.swift */; };
		8DE9B2FD2430B9EB00313346 /* AppDelegate.swift in Sources */ = {isa = PBXBuildFile; fileRef = 8DE9B2FC2430B9EB00313346 /* AppDelegate.swift */; };
		8DE9B2FF2430B9EB00313346 /* SceneDelegate.swift in Sources */ = {isa = PBXBuildFile; fileRef = 8DE9B2FE2430B9EB00313346 /* SceneDelegate.swift */; };
		8DE9B3042430B9EB00313346 /* Main.storyboard in Resources */ = {isa = PBXBuildFile; fileRef = 8DE9B3022430B9EB00313346 /* Main.storyboard */; };
		8DE9B3062430B9EC00313346 /* Assets.xcassets in Resources */ = {isa = PBXBuildFile; fileRef = 8DE9B3052430B9EC00313346 /* Assets.xcassets */; };
		8DE9B3092430B9EC00313346 /* LaunchScreen.storyboard in Resources */ = {isa = PBXBuildFile; fileRef = 8DE9B3072430B9EC00313346 /* LaunchScreen.storyboard */; };
		8DE9B3132430DAE900313346 /* ToDoListViewController.swift in Sources */ = {isa = PBXBuildFile; fileRef = 8DE9B3122430DAE900313346 /* ToDoListViewController.swift */; };
/* End PBXBuildFile section */

/* Begin PBXFileReference section */
		8D251C09243C5CFD002E563F /* DataModel.xcdatamodel */ = {isa = PBXFileReference; lastKnownFileType = wrapper.xcdatamodel; path = DataModel.xcdatamodel; sourceTree = "<group>"; };
		8DA1B6D0243DAA1800B1903B /* Ext + navBar.swift */ = {isa = PBXFileReference; lastKnownFileType = sourcecode.swift; path = "Ext + navBar.swift"; sourceTree = "<group>"; };
		8DDF98E4243CDB3E00ECCC2F /* CathegoryViewController.swift */ = {isa = PBXFileReference; lastKnownFileType = sourcecode.swift; path = CathegoryViewController.swift; sourceTree = "<group>"; };
		8DE9B2F92430B9EB00313346 /* ToDoCoreData-iOS13.app */ = {isa = PBXFileReference; explicitFileType = wrapper.application; includeInIndex = 0; path = "ToDoCoreData-iOS13.app"; sourceTree = BUILT_PRODUCTS_DIR; };
		8DE9B2FC2430B9EB00313346 /* AppDelegate.swift */ = {isa = PBXFileReference; lastKnownFileType = sourcecode.swift; path = AppDelegate.swift; sourceTree = "<group>"; };
		8DE9B2FE2430B9EB00313346 /* SceneDelegate.swift */ = {isa = PBXFileReference; lastKnownFileType = sourcecode.swift; path = SceneDelegate.swift; sourceTree = "<group>"; };
		8DE9B3032430B9EB00313346 /* Base */ = {isa = PBXFileReference; lastKnownFileType = file.storyboard; name = Base; path = Base.lproj/Main.storyboard; sourceTree = "<group>"; };
		8DE9B3052430B9EC00313346 /* Assets.xcassets */ = {isa = PBXFileReference; lastKnownFileType = folder.assetcatalog; path = Assets.xcassets; sourceTree = "<group>"; };
		8DE9B3082430B9EC00313346 /* Base */ = {isa = PBXFileReference; lastKnownFileType = file.storyboard; name = Base; path = Base.lproj/LaunchScreen.storyboard; sourceTree = "<group>"; };
		8DE9B30A2430B9EC00313346 /* Info.plist */ = {isa = PBXFileReference; lastKnownFileType = text.plist.xml; path = Info.plist; sourceTree = "<group>"; };
		8DE9B3122430DAE900313346 /* ToDoListViewController.swift */ = {isa = PBXFileReference; lastKnownFileType = sourcecode.swift; path = ToDoListViewController.swift; sourceTree = "<group>"; };
/* End PBXFileReference section */

/* Begin PBXFrameworksBuildPhase section */
		8DE9B2F62430B9EB00313346 /* Frameworks */ = {
			isa = PBXFrameworksBuildPhase;
			buildActionMask = 2147483647;
			files = (
			);
			runOnlyForDeploymentPostprocessing = 0;
		};
/* End PBXFrameworksBuildPhase section */

/* Begin PBXGroup section */
		8DE9B2F02430B9EB00313346 = {
			isa = PBXGroup;
			children = (
				8DE9B2FB2430B9EB00313346 /* ToDoCoreData-iOS13 */,
				8DE9B2FA2430B9EB00313346 /* Products */,
			);
			sourceTree = "<group>";
		};
		8DE9B2FA2430B9EB00313346 /* Products */ = {
			isa = PBXGroup;
			children = (
				8DE9B2F92430B9EB00313346 /* ToDoCoreData-iOS13.app */,
			);
			name = Products;
			sourceTree = "<group>";
		};
		8DE9B2FB2430B9EB00313346 /* ToDoCoreData-iOS13 */ = {
			isa = PBXGroup;
			children = (
				8DE9B2FC2430B9EB00313346 /* AppDelegate.swift */,
				8DE9B2FE2430B9EB00313346 /* SceneDelegate.swift */,
				8DE9B3162436315B00313346 /* Data Model */,
				8DE9B3182436318200313346 /* View */,
				8DE9B3172436317500313346 /* Controller */,
				8DE9B319243631D500313346 /* Supporting Files */,
				8DE9B30A2430B9EC00313346 /* Info.plist */,
			);
			path = "ToDoCoreData-iOS13";
			sourceTree = "<group>";
		};
		8DE9B3162436315B00313346 /* Data Model */ = {
			isa = PBXGroup;
			children = (
				8D251C08243C5CFD002E563F /* DataModel.xcdatamodeld */,
			);
			path = "Data Model";
			sourceTree = "<group>";
		};
		8DE9B3172436317500313346 /* Controller */ = {
			isa = PBXGroup;
			children = (
				8DDF98E4243CDB3E00ECCC2F /* CathegoryViewController.swift */,
				8DE9B3122430DAE900313346 /* ToDoListViewController.swift */,
				8DA1B6D0243DAA1800B1903B /* Ext + navBar.swift */,
			);
			path = Controller;
			sourceTree = "<group>";
		};
		8DE9B3182436318200313346 /* View */ = {
			isa = PBXGroup;
			children = (
				8DE9B3022430B9EB00313346 /* Main.storyboard */,
			);
			path = View;
			sourceTree = "<group>";
		};
		8DE9B319243631D500313346 /* Supporting Files */ = {
			isa = PBXGroup;
			children = (
				8DE9B3052430B9EC00313346 /* Assets.xcassets */,
				8DE9B3072430B9EC00313346 /* LaunchScreen.storyboard */,
			);
			path = "Supporting Files";
			sourceTree = "<group>";
		};
/* End PBXGroup section */

/* Begin PBXNativeTarget section */
		8DE9B2F82430B9EB00313346 /* ToDoCoreData-iOS13 */ = {
			isa = PBXNativeTarget;
			buildConfigurationList = 8DE9B30D2430B9EC00313346 /* Build configuration list for PBXNativeTarget "ToDoCoreData-iOS13" */;
			buildPhases = (
				8DE9B2F52430B9EB00313346 /* Sources */,
				8DE9B2F62430B9EB00313346 /* Frameworks */,
				8DE9B2F72430B9EB00313346 /* Resources */,
			);
			buildRules = (
			);
			dependencies = (
			);
			name = "ToDoCoreData-iOS13";
			productName = "ToDoCoreData-iOS13";
			productReference = 8DE9B2F92430B9EB00313346 /* ToDoCoreData-iOS13.app */;
			productType = "com.apple.product-type.application";
		};
/* End PBXNativeTarget section */

/* Begin PBXProject section */
		8DE9B2F12430B9EB00313346 /* Project object */ = {
			isa = PBXProject;
			attributes = {
				LastSwiftUpdateCheck = 1140;
				LastUpgradeCheck = 1140;
				ORGANIZATIONNAME = "Dennis Nesanoff";
				TargetAttributes = {
					8DE9B2F82430B9EB00313346 = {
						CreatedOnToolsVersion = 11.4;
					};
				};
			};
			buildConfigurationList = 8DE9B2F42430B9EB00313346 /* Build configuration list for PBXProject "ToDoCoreData-iOS13" */;
			compatibilityVersion = "Xcode 9.3";
			developmentRegion = en;
			hasScannedForEncodings = 0;
			knownRegions = (
				en,
				Base,
			);
			mainGroup = 8DE9B2F02430B9EB00313346;
			productRefGroup = 8DE9B2FA2430B9EB00313346 /* Products */;
			projectDirPath = "";
			projectRoot = "";
			targets = (
				8DE9B2F82430B9EB00313346 /* ToDoCoreData-iOS13 */,
			);
		};
/* End PBXProject section */

/* Begin PBXResourcesBuildPhase section */
		8DE9B2F72430B9EB00313346 /* Resources */ = {
			isa = PBXResourcesBuildPhase;
			buildActionMask = 2147483647;
			files = (
				8DE9B3092430B9EC00313346 /* LaunchScreen.storyboard in Resources */,
				8DE9B3062430B9EC00313346 /* Assets.xcassets in Resources */,
				8DE9B3042430B9EB00313346 /* Main.storyboard in Resources */,
			);
			runOnlyForDeploymentPostprocessing = 0;
		};
/* End PBXResourcesBuildPhase section */

/* Begin PBXSourcesBuildPhase section */
		8DE9B2F52430B9EB00313346 /* Sources */ = {
			isa = PBXSourcesBuildPhase;
			buildActionMask = 2147483647;
			files = (
				8DE9B2FD2430B9EB00313346 /* AppDelegate.swift in Sources */,
				8D251C0A243C5CFD002E563F /* DataModel.xcdatamodeld in Sources */,
				8DE9B3132430DAE900313346 /* ToDoListViewController.swift in Sources */,
				8DA1B6D1243DAA1800B1903B /* Ext + navBar.swift in Sources */,
				8DE9B2FF2430B9EB00313346 /* SceneDelegate.swift in Sources */,
				8DDF98E5243CDB3E00ECCC2F /* CathegoryViewController.swift in Sources */,
			);
			runOnlyForDeploymentPostprocessing = 0;
		};
/* End PBXSourcesBuildPhase section */

/* Begin PBXVariantGroup section */
		8DE9B3022430B9EB00313346 /* Main.storyboard */ = {
			isa = PBXVariantGroup;
			children = (
				8DE9B3032430B9EB00313346 /* Base */,
			);
			name = Main.storyboard;
			sourceTree = "<group>";
		};
		8DE9B3072430B9EC00313346 /* LaunchScreen.storyboard */ = {
			isa = PBXVariantGroup;
			children = (
				8DE9B3082430B9EC00313346 /* Base */,
			);
			name = LaunchScreen.storyboard;
			sourceTree = "<group>";
		};
/* End PBXVariantGroup section */

/* Begin XCBuildConfiguration section */
		8DE9B30B2430B9EC00313346 /* Debug */ = {
			isa = XCBuildConfiguration;
			buildSettings = {
				ALWAYS_SEARCH_USER_PATHS = NO;
				CLANG_ANALYZER_NONNULL = YES;
				CLANG_ANALYZER_NUMBER_OBJECT_CONVERSION = YES_AGGRESSIVE;
				CLANG_CXX_LANGUAGE_STANDARD = "gnu++14";
				CLANG_CXX_LIBRARY = "libc++";
				CLANG_ENABLE_MODULES = YES;
				CLANG_ENABLE_OBJC_ARC = YES;
				CLANG_ENABLE_OBJC_WEAK = YES;
				CLANG_WARN_BLOCK_CAPTURE_AUTORELEASING = YES;
				CLANG_WARN_BOOL_CONVERSION = YES;
				CLANG_WARN_COMMA = YES;
				CLANG_WARN_CONSTANT_CONVERSION = YES;
				CLANG_WARN_DEPRECATED_OBJC_IMPLEMENTATIONS = YES;
				CLANG_WARN_DIRECT_OBJC_ISA_USAGE = YES_ERROR;
				CLANG_WARN_DOCUMENTATION_COMMENTS = YES;
				CLANG_WARN_EMPTY_BODY = YES;
				CLANG_WARN_ENUM_CONVERSION = YES;
				CLANG_WARN_INFINITE_RECURSION = YES;
				CLANG_WARN_INT_CONVERSION = YES;
				CLANG_WARN_NON_LITERAL_NULL_CONVERSION = YES;
				CLANG_WARN_OBJC_IMPLICIT_RETAIN_SELF = YES;
				CLANG_WARN_OBJC_LITERAL_CONVERSION = YES;
				CLANG_WARN_OBJC_ROOT_CLASS = YES_ERROR;
				CLANG_WARN_RANGE_LOOP_ANALYSIS = YES;
				CLANG_WARN_STRICT_PROTOTYPES = YES;
				CLANG_WARN_SUSPICIOUS_MOVE = YES;
				CLANG_WARN_UNGUARDED_AVAILABILITY = YES_AGGRESSIVE;
				CLANG_WARN_UNREACHABLE_CODE = YES;
				CLANG_WARN__DUPLICATE_METHOD_MATCH = YES;
				COPY_PHASE_STRIP = NO;
				DEBUG_INFORMATION_FORMAT = dwarf;
				ENABLE_STRICT_OBJC_MSGSEND = YES;
				ENABLE_TESTABILITY = YES;
				GCC_C_LANGUAGE_STANDARD = gnu11;
				GCC_DYNAMIC_NO_PIC = NO;
				GCC_NO_COMMON_BLOCKS = YES;
				GCC_OPTIMIZATION_LEVEL = 0;
				GCC_PREPROCESSOR_DEFINITIONS = (
					"DEBUG=1",
					"$(inherited)",
				);
				GCC_WARN_64_TO_32_BIT_CONVERSION = YES;
				GCC_WARN_ABOUT_RETURN_TYPE = YES_ERROR;
				GCC_WARN_UNDECLARED_SELECTOR = YES;
				GCC_WARN_UNINITIALIZED_AUTOS = YES_AGGRESSIVE;
				GCC_WARN_UNUSED_FUNCTION = YES;
				GCC_WARN_UNUSED_VARIABLE = YES;
				IPHONEOS_DEPLOYMENT_TARGET = 13.4;
				MTL_ENABLE_DEBUG_INFO = INCLUDE_SOURCE;
				MTL_FAST_MATH = YES;
				ONLY_ACTIVE_ARCH = YES;
				SDKROOT = iphoneos;
				SWIFT_ACTIVE_COMPILATION_CONDITIONS = DEBUG;
				SWIFT_OPTIMIZATION_LEVEL = "-Onone";
			};
			name = Debug;
		};
		8DE9B30C2430B9EC00313346 /* Release */ = {
			isa = XCBuildConfiguration;
			buildSettings = {
				ALWAYS_SEARCH_USER_PATHS = NO;
				CLANG_ANALYZER_NONNULL = YES;
				CLANG_ANALYZER_NUMBER_OBJECT_CONVERSION = YES_AGGRESSIVE;
				CLANG_CXX_LANGUAGE_STANDARD = "gnu++14";
				CLANG_CXX_LIBRARY = "libc++";
				CLANG_ENABLE_MODULES = YES;
				CLANG_ENABLE_OBJC_ARC = YES;
				CLANG_ENABLE_OBJC_WEAK = YES;
				CLANG_WARN_BLOCK_CAPTURE_AUTORELEASING = YES;
				CLANG_WARN_BOOL_CONVERSION = YES;
				CLANG_WARN_COMMA = YES;
				CLANG_WARN_CONSTANT_CONVERSION = YES;
				CLANG_WARN_DEPRECATED_OBJC_IMPLEMENTATIONS = YES;
				CLANG_WARN_DIRECT_OBJC_ISA_USAGE = YES_ERROR;
				CLANG_WARN_DOCUMENTATION_COMMENTS = YES;
				CLANG_WARN_EMPTY_BODY = YES;
				CLANG_WARN_ENUM_CONVERSION = YES;
				CLANG_WARN_INFINITE_RECURSION = YES;
				CLANG_WARN_INT_CONVERSION = YES;
				CLANG_WARN_NON_LITERAL_NULL_CONVERSION = YES;
				CLANG_WARN_OBJC_IMPLICIT_RETAIN_SELF = YES;
				CLANG_WARN_OBJC_LITERAL_CONVERSION = YES;
				CLANG_WARN_OBJC_ROOT_CLASS = YES_ERROR;
				CLANG_WARN_RANGE_LOOP_ANALYSIS = YES;
				CLANG_WARN_STRICT_PROTOTYPES = YES;
				CLANG_WARN_SUSPICIOUS_MOVE = YES;
				CLANG_WARN_UNGUARDED_AVAILABILITY = YES_AGGRESSIVE;
				CLANG_WARN_UNREACHABLE_CODE = YES;
				CLANG_WARN__DUPLICATE_METHOD_MATCH = YES;
				COPY_PHASE_STRIP = NO;
				DEBUG_INFORMATION_FORMAT = "dwarf-with-dsym";
				ENABLE_NS_ASSERTIONS = NO;
				ENABLE_STRICT_OBJC_MSGSEND = YES;
				GCC_C_LANGUAGE_STANDARD = gnu11;
				GCC_NO_COMMON_BLOCKS = YES;
				GCC_WARN_64_TO_32_BIT_CONVERSION = YES;
				GCC_WARN_ABOUT_RETURN_TYPE = YES_ERROR;
				GCC_WARN_UNDECLARED_SELECTOR = YES;
				GCC_WARN_UNINITIALIZED_AUTOS = YES_AGGRESSIVE;
				GCC_WARN_UNUSED_FUNCTION = YES;
				GCC_WARN_UNUSED_VARIABLE = YES;
				IPHONEOS_DEPLOYMENT_TARGET = 13.4;
				MTL_ENABLE_DEBUG_INFO = NO;
				MTL_FAST_MATH = YES;
				SDKROOT = iphoneos;
				SWIFT_COMPILATION_MODE = wholemodule;
				SWIFT_OPTIMIZATION_LEVEL = "-O";
				VALIDATE_PRODUCT = YES;
			};
			name = Release;
		};
		8DE9B30E2430B9EC00313346 /* Debug */ = {
			isa = XCBuildConfiguration;
			buildSettings = {
				ASSETCATALOG_COMPILER_APPICON_NAME = AppIcon;
				CODE_SIGN_STYLE = Automatic;
				DEVELOPMENT_TEAM = C4R95F3PX7;
				INFOPLIST_FILE = "ToDoCoreData-iOS13/Info.plist";
				IPHONEOS_DEPLOYMENT_TARGET = 12.0;
				LD_RUNPATH_SEARCH_PATHS = (
					"$(inherited)",
					"@executable_path/Frameworks",
				);
				PRODUCT_BUNDLE_IDENTIFIER = "nesanoff.ToDoCoreData-iOS13";
				PRODUCT_NAME = "$(TARGET_NAME)";
				SWIFT_VERSION = 5.0;
				TARGETED_DEVICE_FAMILY = "1,2";
			};
			name = Debug;
		};
		8DE9B30F2430B9EC00313346 /* Release */ = {
			isa = XCBuildConfiguration;
			buildSettings = {
				ASSETCATALOG_COMPILER_APPICON_NAME = AppIcon;
				CODE_SIGN_STYLE = Automatic;
				DEVELOPMENT_TEAM = C4R95F3PX7;
				INFOPLIST_FILE = "ToDoCoreData-iOS13/Info.plist";
				IPHONEOS_DEPLOYMENT_TARGET = 12.0;
				LD_RUNPATH_SEARCH_PATHS = (
					"$(inherited)",
					"@executable_path/Frameworks",
				);
				PRODUCT_BUNDLE_IDENTIFIER = "nesanoff.ToDoCoreData-iOS13";
				PRODUCT_NAME = "$(TARGET_NAME)";
				SWIFT_VERSION = 5.0;
				TARGETED_DEVICE_FAMILY = "1,2";
			};
			name = Release;
		};
/* End XCBuildConfiguration section */

/* Begin XCConfigurationList section */
		8DE9B2F42430B9EB00313346 /* Build configuration list for PBXProject "ToDoCoreData-iOS13" */ = {
			isa = XCConfigurationList;
			buildConfigurations = (
				8DE9B30B2430B9EC00313346 /* Debug */,
				8DE9B30C2430B9EC00313346 /* Release */,
			);
			defaultConfigurationIsVisible = 0;
			defaultConfigurationName = Release;
		};
		8DE9B30D2430B9EC00313346 /* Build configuration list for PBXNativeTarget "ToDoCoreData-iOS13" */ = {
			isa = XCConfigurationList;
			buildConfigurations = (
				8DE9B30E2430B9EC00313346 /* Debug */,
				8DE9B30F2430B9EC00313346 /* Release */,
			);
			defaultConfigurationIsVisible = 0;
			defaultConfigurationName = Release;
		};
/* End XCConfigurationList section */

/* Begin XCVersionGroup section */
		8D251C08243C5CFD002E563F /* DataModel.xcdatamodeld */ = {
			isa = XCVersionGroup;
			children = (
				8D251C09243C5CFD002E563F /* DataModel.xcdatamodel */,
			);
			currentVersion = 8D251C09243C5CFD002E563F /* DataModel.xcdatamodel */;
			path = DataModel.xcdatamodeld;
			sourceTree = "<group>";
			versionGroupType = wrapper.xcdatamodel;
		};
/* End XCVersionGroup section */
	};
	rootObject = 8DE9B2F12430B9EB00313346 /* Project object */;
}
